
Microsoft Visual Studio Solution File, Format Version 12.00
# Visual Studio Version 17
VisualStudioVersion = 17.3.32929.385
MinimumVisualStudioVersion = 10.0.40219.1
Project("{FAE04EC0-301F-11D3-BF4B-00C04F79EFBC}") = "Voci_Trainer", "Voci_Trainer.csproj", "{284D0EFE-E7F1-4D10-9ED6-5E14EB578CFA}"
EndProject
Global
	GlobalSection(SolutionConfigurationPlatforms) = preSolution
		Debug|Any CPU = Debug|Any CPU
		Release|Any CPU = Release|Any CPU
	EndGlobalSection
	GlobalSection(ProjectConfigurationPlatforms) = postSolution
		{284D0EFE-E7F1-4D10-9ED6-5E14EB578CFA}.Debug|Any CPU.ActiveCfg = Debug|Any CPU
		{284D0EFE-E7F1-4D10-9ED6-5E14EB578CFA}.Debug|Any CPU.Build.0 = Debug|Any CPU
		{284D0EFE-E7F1-4D10-9ED6-5E14EB578CFA}.Release|Any CPU.ActiveCfg = Release|Any CPU
		{284D0EFE-E7F1-4D10-9ED6-5E14EB578CFA}.Release|Any CPU.Build.0 = Release|Any CPU
	EndGlobalSection
	GlobalSection(SolutionProperties) = preSolution
		HideSolutionNode = FALSE
	EndGlobalSection
	GlobalSection(ExtensibilityGlobals) = postSolution
		SolutionGuid = {95BC23AD-8A44-4C65-BEDF-6D0170821529}
	EndGlobalSection
EndGlobal
