
Microsoft Visual Studio Solution File, Format Version 12.00
# Visual Studio Version 17
VisualStudioVersion = 17.3.32929.385
MinimumVisualStudioVersion = 10.0.40219.1
Project("{FAE04EC0-301F-11D3-BF4B-00C04F79EFBC}") = "Voci-Trainer", "Voci-Trainer.csproj", "{BB7AAF43-65E8-46A9-A40A-53205C568181}"
EndProject
Global
	GlobalSection(SolutionConfigurationPlatforms) = preSolution
		Debug|Any CPU = Debug|Any CPU
		Release|Any CPU = Release|Any CPU
	EndGlobalSection
	GlobalSection(ProjectConfigurationPlatforms) = postSolution
		{BB7AAF43-65E8-46A9-A40A-53205C568181}.Debug|Any CPU.ActiveCfg = Debug|Any CPU
		{BB7AAF43-65E8-46A9-A40A-53205C568181}.Debug|Any CPU.Build.0 = Debug|Any CPU
		{BB7AAF43-65E8-46A9-A40A-53205C568181}.Release|Any CPU.ActiveCfg = Release|Any CPU
		{BB7AAF43-65E8-46A9-A40A-53205C568181}.Release|Any CPU.Build.0 = Release|Any CPU
	EndGlobalSection
	GlobalSection(SolutionProperties) = preSolution
		HideSolutionNode = FALSE
	EndGlobalSection
	GlobalSection(ExtensibilityGlobals) = postSolution
		SolutionGuid = {FDD2CD76-8615-4E31-8E8B-14E66638B106}
	EndGlobalSection
EndGlobal
