
Microsoft Visual Studio Solution File, Format Version 12.00
# Visual Studio Version 17
VisualStudioVersion = 17.3.32929.385
MinimumVisualStudioVersion = 10.0.40219.1
Project("{FAE04EC0-301F-11D3-BF4B-00C04F79EFBC}") = "VociTrainerLA1200", "VociTrainerLA1200.csproj", "{EAE59000-F39D-48EC-BDF6-F7CCB852A17E}"
EndProject
Global
	GlobalSection(SolutionConfigurationPlatforms) = preSolution
		Debug|Any CPU = Debug|Any CPU
		Release|Any CPU = Release|Any CPU
	EndGlobalSection
	GlobalSection(ProjectConfigurationPlatforms) = postSolution
		{EAE59000-F39D-48EC-BDF6-F7CCB852A17E}.Debug|Any CPU.ActiveCfg = Debug|Any CPU
		{EAE59000-F39D-48EC-BDF6-F7CCB852A17E}.Debug|Any CPU.Build.0 = Debug|Any CPU
		{EAE59000-F39D-48EC-BDF6-F7CCB852A17E}.Release|Any CPU.ActiveCfg = Release|Any CPU
		{EAE59000-F39D-48EC-BDF6-F7CCB852A17E}.Release|Any CPU.Build.0 = Release|Any CPU
	EndGlobalSection
	GlobalSection(SolutionProperties) = preSolution
		HideSolutionNode = FALSE
	EndGlobalSection
	GlobalSection(ExtensibilityGlobals) = postSolution
		SolutionGuid = {05980B7C-C1D7-4D53-B75F-AA2931406075}
	EndGlobalSection
EndGlobal
